
Microsoft Visual Studio Solution File, Format Version 12.00
# Visual Studio Version 16
VisualStudioVersion = 16.0.31702.278
MinimumVisualStudioVersion = 10.0.40219.1
Project("{FAE04EC0-301F-11D3-BF4B-00C04F79EFBC}") = "RoomCalculator", "RoomCalculator\RoomCalculator.csproj", "{36888B1A-B11C-427C-B16A-FF41CE9C543B}"
EndProject
Global
	GlobalSection(SolutionConfigurationPlatforms) = preSolution
		Debug|Any CPU = Debug|Any CPU
		Release|Any CPU = Release|Any CPU
	EndGlobalSection
	GlobalSection(ProjectConfigurationPlatforms) = postSolution
		{36888B1A-B11C-427C-B16A-FF41CE9C543B}.Debug|Any CPU.ActiveCfg = Debug|Any CPU
		{36888B1A-B11C-427C-B16A-FF41CE9C543B}.Debug|Any CPU.Build.0 = Debug|Any CPU
		{36888B1A-B11C-427C-B16A-FF41CE9C543B}.Release|Any CPU.ActiveCfg = Release|Any CPU
		{36888B1A-B11C-427C-B16A-FF41CE9C543B}.Release|Any CPU.Build.0 = Release|Any CPU
	EndGlobalSection
	GlobalSection(SolutionProperties) = preSolution
		HideSolutionNode = FALSE
	EndGlobalSection
	GlobalSection(ExtensibilityGlobals) = postSolution
		SolutionGuid = {66B33F9B-8D75-45EC-80F9-D915D0D9643E}
	EndGlobalSection
EndGlobal
